{
    "_readme": [
        "This file locks the dependencies of your project to a known state",
        "Read more about it at https://getcomposer.org/doc/01-basic-usage.md#composer-lock-the-lock-file",
        "This file is @generated automatically"
    ],
    "hash": "073df7da45045abb63fa0d8adb9ea19b",
    "content-hash": "23a72c9322f5c939de2145eaea75612d",
    "packages": [
        {
            "name": "adoy/fastcgi-client",
            "version": "1.0.0",
            "source": {
                "type": "git",
                "url": "https://github.com/adoy/PHP-FastCGI-Client.git",
                "reference": "ae8234f0781b6d97e909e45d8a425b9f9bd120bb"
            },
            "dist": {
                "type": "zip",
                "url": "https://packagist.phpcomposer.com/files/adoy/PHP-FastCGI-Client/ae8234f0781b6d97e909e45d8a425b9f9bd120bb.zip",
                "reference": "ae8234f0781b6d97e909e45d8a425b9f9bd120bb",
                "shasum": ""
            },
            "type": "library",
            "autoload": {
                "psr-0": {
                    "Adoy\\FastCGI\\": "src"
                }
            },
            "notification-url": "https://packagist.org/downloads/",
            "license": [
                "MIT"
            ],
            "authors": [
                {
                    "name": "Pierrick Charron",
                    "email": "pierrick@adoy.net"
                }
            ],
            "description": "Client for communication with a FastCGI (FCGI) application using the FastCGI protocol.",
            "keywords": [
                "fastcgi"
            ],
            "time": "2015-05-20 15:36:05"
        }
    ],
    "packages-dev": [],
    "aliases": [],
    "minimum-stability": "stable",
    "stability-flags": [],
    "prefer-stable": false,
    "prefer-lowest": false,
    "platform": [],
    "platform-dev": []
}
